<?xml version="1.0" encoding="utf-8"?>
<Project ToolsVersion="4.0" xmlns="http://schemas.microsoft.com/developer/msbuild/2003">
  <ItemGroup>
    <ClCompile Include="main.cpp" />
    <ClCompile Include="Example.cpp" />
    <ClCompile Include="pch.cpp" />
  </ItemGroup>
  <ItemGroup>
    <ClInclude Include="Example.h" />
    <ClInclude Include="pch.h" />
    <ClInclude Include="ReadData.h" />
    <ClInclude Include="Object.h">
      <Filter>Objects</Filter>
    </ClInclude>
    <ClInclude Include="Sphere.h">
      <Filter>Objects</Filter>
    </ClInclude>
    <ClInclude Include="Triangle.h">
      <Filter>Objects</Filter>
    </ClInclude>
    <ClInclude Include="Hit.h">
      <Filter>RayTracer</Filter>
    </ClInclude>
    <ClInclude Include="Light.h">
      <Filter>RayTracer</Filter>
    </ClInclude>
    <ClInclude Include="Ray.h">
      <Filter>RayTracer</Filter>
    </ClInclude>
    <ClInclude Include="RayTracer.h">
      <Filter>RayTracer</Filter>
    </ClInclude>
    <ClInclude Include="Square.h">
      <Filter>Objects</Filter>
    </ClInclude>
  </ItemGroup>
  <ItemGroup>
    <FxCompile Include="_Shaders\PixelShader.hlsl">
      <Filter>_Shaders</Filter>
    </FxCompile>
    <FxCompile Include="_Shaders\VertexShader.hlsl">
      <Filter>_Shaders</Filter>
    </FxCompile>
  </ItemGroup>
  <ItemGroup>
    <Filter Include="_Shaders">
      <UniqueIdentifier>{18fea5cf-2d5e-45fb-8b9a-28ba3d8ade23}</UniqueIdentifier>
    </Filter>
    <Filter Include="Objects">
      <UniqueIdentifier>{17d6f850-a86c-4ec0-b3c5-88261953b471}</UniqueIdentifier>
    </Filter>
    <Filter Include="RayTracer">
      <UniqueIdentifier>{41edca63-dd9a-4e58-9474-d4a1a90bbec4}</UniqueIdentifier>
    </Filter>
  </ItemGroup>
</Project>